// !$*UTF8*$!
{
	archiveVersion = 1;
	classes = {
	};
	objectVersion = 46;
	objects = {

/* Begin PBXBuildFile section */
		AD047E651FE9DB76004F3FE6 /* front cover.jpg in Resources */ = {isa = PBXBuildFile; fileRef = AD047E641FE9DB76004F3FE6 /* front cover.jpg */; };
		AD593A4C1FBBB48D00A774ED /* bg.jpg in Resources */ = {isa = PBXBuildFile; fileRef = AD593A4B1FBBB48D00A774ED /* bg.jpg */; };
		AD77C0F41FB27DD9008B5AEB /* wavesbackground.jpg in Resources */ = {isa = PBXBuildFile; fileRef = AD77C0F31FB27DD9008B5AEB /* wavesbackground.jpg */; };
		AD77C0F61FB27DFE008B5AEB /* background for quiz.jpg in Resources */ = {isa = PBXBuildFile; fileRef = AD77C0F51FB27DFE008B5AEB /* background for quiz.jpg */; };
		ADB4B0801F84524B005BF959 /* AppDelegate.swift in Sources */ = {isa = PBXBuildFile; fileRef = ADB4B07F1F84524B005BF959 /* AppDelegate.swift */; };
		ADB4B0821F84524B005BF959 /* ViewController.swift in Sources */ = {isa = PBXBuildFile; fileRef = ADB4B0811F84524B005BF959 /* ViewController.swift */; };
		ADB4B0851F84524B005BF959 /* Main.storyboard in Resources */ = {isa = PBXBuildFile; fileRef = ADB4B0831F84524B005BF959 /* Main.storyboard */; };
		ADB4B0871F84524B005BF959 /* Assets.xcassets in Resources */ = {isa = PBXBuildFile; fileRef = ADB4B0861F84524B005BF959 /* Assets.xcassets */; };
		ADB4B08A1F84524B005BF959 /* LaunchScreen.storyboard in Resources */ = {isa = PBXBuildFile; fileRef = ADB4B0881F84524B005BF959 /* LaunchScreen.storyboard */; };
		ADB4B0921F845282005BF959 /* flower-background 2.jpg in Resources */ = {isa = PBXBuildFile; fileRef = ADB4B0911F845282005BF959 /* flower-background 2.jpg */; };
/* End PBXBuildFile section */

/* Begin PBXFileReference section */
		AD047E641FE9DB76004F3FE6 /* front cover.jpg */ = {isa = PBXFileReference; lastKnownFileType = image.jpeg; path = "front cover.jpg"; sourceTree = "<group>"; };
		AD593A4B1FBBB48D00A774ED /* bg.jpg */ = {isa = PBXFileReference; lastKnownFileType = image.jpeg; path = bg.jpg; sourceTree = "<group>"; };
		AD77C0F31FB27DD9008B5AEB /* wavesbackground.jpg */ = {isa = PBXFileReference; lastKnownFileType = image.jpeg; path = wavesbackground.jpg; sourceTree = "<group>"; };
		AD77C0F51FB27DFE008B5AEB /* background for quiz.jpg */ = {isa = PBXFileReference; lastKnownFileType = image.jpeg; path = "background for quiz.jpg"; sourceTree = "<group>"; };
		ADB4B07C1F84524B005BF959 /* Sara Quiz.app */ = {isa = PBXFileReference; explicitFileType = wrapper.application; includeInIndex = 0; path = "Sara Quiz.app"; sourceTree = BUILT_PRODUCTS_DIR; };
		ADB4B07F1F84524B005BF959 /* AppDelegate.swift */ = {isa = PBXFileReference; lastKnownFileType = sourcecode.swift; path = AppDelegate.swift; sourceTree = "<group>"; };
		ADB4B0811F84524B005BF959 /* ViewController.swift */ = {isa = PBXFileReference; lastKnownFileType = sourcecode.swift; path = ViewController.swift; sourceTree = "<group>"; };
		ADB4B0841F84524B005BF959 /* Base */ = {isa = PBXFileReference; lastKnownFileType = file.storyboard; name = Base; path = Base.lproj/Main.storyboard; sourceTree = "<group>"; };
		ADB4B0861F84524B005BF959 /* Assets.xcassets */ = {isa = PBXFileReference; lastKnownFileType = folder.assetcatalog; path = Assets.xcassets; sourceTree = "<group>"; };
		ADB4B0891F84524B005BF959 /* Base */ = {isa = PBXFileReference; lastKnownFileType = file.storyboard; name = Base; path = Base.lproj/LaunchScreen.storyboard; sourceTree = "<group>"; };
		ADB4B08B1F84524B005BF959 /* Info.plist */ = {isa = PBXFileReference; lastKnownFileType = text.plist.xml; path = Info.plist; sourceTree = "<group>"; };
		ADB4B0911F845282005BF959 /* flower-background 2.jpg */ = {isa = PBXFileReference; lastKnownFileType = image.jpeg; path = "flower-background 2.jpg"; sourceTree = "<group>"; };
/* End PBXFileReference section */

/* Begin PBXFrameworksBuildPhase section */
		ADB4B0791F84524B005BF959 /* Frameworks */ = {
			isa = PBXFrameworksBuildPhase;
			buildActionMask = 2147483647;
			files = (
			);
			runOnlyForDeploymentPostprocessing = 0;
		};
/* End PBXFrameworksBuildPhase section */

/* Begin PBXGroup section */
		ADB4B0731F84524B005BF959 = {
			isa = PBXGroup;
			children = (
				ADB4B07E1F84524B005BF959 /* How well do you know Sara */,
				ADB4B07D1F84524B005BF959 /* Products */,
			);
			sourceTree = "<group>";
		};
		ADB4B07D1F84524B005BF959 /* Products */ = {
			isa = PBXGroup;
			children = (
				ADB4B07C1F84524B005BF959 /* Sara Quiz.app */,
			);
			name = Products;
			sourceTree = "<group>";
		};
		ADB4B07E1F84524B005BF959 /* How well do you know Sara */ = {
			isa = PBXGroup;
			children = (
				ADB4B0911F845282005BF959 /* flower-background 2.jpg */,
				ADB4B07F1F84524B005BF959 /* AppDelegate.swift */,
				ADB4B0831F84524B005BF959 /* Main.storyboard */,
				AD77C0F51FB27DFE008B5AEB /* background for quiz.jpg */,
				AD047E641FE9DB76004F3FE6 /* front cover.jpg */,
				AD593A4B1FBBB48D00A774ED /* bg.jpg */,
				AD77C0F31FB27DD9008B5AEB /* wavesbackground.jpg */,
				ADB4B0811F84524B005BF959 /* ViewController.swift */,
				ADB4B0861F84524B005BF959 /* Assets.xcassets */,
				ADB4B0881F84524B005BF959 /* LaunchScreen.storyboard */,
				ADB4B08B1F84524B005BF959 /* Info.plist */,
			);
			path = "How well do you know Sara";
			sourceTree = "<group>";
		};
/* End PBXGroup section */

/* Begin PBXNativeTarget section */
		ADB4B07B1F84524B005BF959 /* Sara Quiz */ = {
			isa = PBXNativeTarget;
			buildConfigurationList = ADB4B08E1F84524B005BF959 /* Build configuration list for PBXNativeTarget "Sara Quiz" */;
			buildPhases = (
				ADB4B0781F84524B005BF959 /* Sources */,
				ADB4B0791F84524B005BF959 /* Frameworks */,
				ADB4B07A1F84524B005BF959 /* Resources */,
			);
			buildRules = (
			);
			dependencies = (
			);
			name = "Sara Quiz";
			productName = "How well do you know Sara";
			productReference = ADB4B07C1F84524B005BF959 /* Sara Quiz.app */;
			productType = "com.apple.product-type.application";
		};
/* End PBXNativeTarget section */

/* Begin PBXProject section */
		ADB4B0741F84524B005BF959 /* Project object */ = {
			isa = PBXProject;
			attributes = {
				LastSwiftUpdateCheck = 0730;
				LastUpgradeCheck = 0730;
				ORGANIZATIONNAME = "UCodeEthan Inc";
				TargetAttributes = {
					ADB4B07B1F84524B005BF959 = {
						CreatedOnToolsVersion = 7.3.1;
						DevelopmentTeam = GN8BN73VDM;
						LastSwiftMigration = 0800;
					};
				};
			};
			buildConfigurationList = ADB4B0771F84524B005BF959 /* Build configuration list for PBXProject "Sara Quiz" */;
			compatibilityVersion = "Xcode 3.2";
			developmentRegion = English;
			hasScannedForEncodings = 0;
			knownRegions = (
				en,
				Base,
			);
			mainGroup = ADB4B0731F84524B005BF959;
			productRefGroup = ADB4B07D1F84524B005BF959 /* Products */;
			projectDirPath = "";
			projectRoot = "";
			targets = (
				ADB4B07B1F84524B005BF959 /* Sara Quiz */,
			);
		};
/* End PBXProject section */

/* Begin PBXResourcesBuildPhase section */
		ADB4B07A1F84524B005BF959 /* Resources */ = {
			isa = PBXResourcesBuildPhase;
			buildActionMask = 2147483647;
			files = (
				AD77C0F41FB27DD9008B5AEB /* wavesbackground.jpg in Resources */,
				AD593A4C1FBBB48D00A774ED /* bg.jpg in Resources */,
				ADB4B0921F845282005BF959 /* flower-background 2.jpg in Resources */,
				ADB4B08A1F84524B005BF959 /* LaunchScreen.storyboard in Resources */,
				ADB4B0871F84524B005BF959 /* Assets.xcassets in Resources */,
				AD77C0F61FB27DFE008B5AEB /* background for quiz.jpg in Resources */,
				AD047E651FE9DB76004F3FE6 /* front cover.jpg in Resources */,
				ADB4B0851F84524B005BF959 /* Main.storyboard in Resources */,
			);
			runOnlyForDeploymentPostprocessing = 0;
		};
/* End PBXResourcesBuildPhase section */

/* Begin PBXSourcesBuildPhase section */
		ADB4B0781F84524B005BF959 /* Sources */ = {
			isa = PBXSourcesBuildPhase;
			buildActionMask = 2147483647;
			files = (
				ADB4B0821F84524B005BF959 /* ViewController.swift in Sources */,
				ADB4B0801F84524B005BF959 /* AppDelegate.swift in Sources */,
			);
			runOnlyForDeploymentPostprocessing = 0;
		};
/* End PBXSourcesBuildPhase section */

/* Begin PBXVariantGroup section */
		ADB4B0831F84524B005BF959 /* Main.storyboard */ = {
			isa = PBXVariantGroup;
			children = (
				ADB4B0841F84524B005BF959 /* Base */,
			);
			name = Main.storyboard;
			sourceTree = "<group>";
		};
		ADB4B0881F84524B005BF959 /* LaunchScreen.storyboard */ = {
			isa = PBXVariantGroup;
			children = (
				ADB4B0891F84524B005BF959 /* Base */,
			);
			name = LaunchScreen.storyboard;
			sourceTree = "<group>";
		};
/* End PBXVariantGroup section */

/* Begin XCBuildConfiguration section */
		ADB4B08C1F84524B005BF959 /* Debug */ = {
			isa = XCBuildConfiguration;
			buildSettings = {
				ALWAYS_SEARCH_USER_PATHS = NO;
				CLANG_ANALYZER_NONNULL = YES;
				CLANG_CXX_LANGUAGE_STANDARD = "gnu++0x";
				CLANG_CXX_LIBRARY = "libc++";
				CLANG_ENABLE_MODULES = YES;
				CLANG_ENABLE_OBJC_ARC = YES;
				CLANG_WARN_BOOL_CONVERSION = YES;
				CLANG_WARN_CONSTANT_CONVERSION = YES;
				CLANG_WARN_DIRECT_OBJC_ISA_USAGE = YES_ERROR;
				CLANG_WARN_EMPTY_BODY = YES;
				CLANG_WARN_ENUM_CONVERSION = YES;
				CLANG_WARN_INT_CONVERSION = YES;
				CLANG_WARN_OBJC_ROOT_CLASS = YES_ERROR;
				CLANG_WARN_UNREACHABLE_CODE = YES;
				CLANG_WARN__DUPLICATE_METHOD_MATCH = YES;
				"CODE_SIGN_IDENTITY[sdk=iphoneos*]" = "iPhone Developer";
				COPY_PHASE_STRIP = NO;
				DEBUG_INFORMATION_FORMAT = dwarf;
				ENABLE_STRICT_OBJC_MSGSEND = YES;
				ENABLE_TESTABILITY = YES;
				GCC_C_LANGUAGE_STANDARD = gnu99;
				GCC_DYNAMIC_NO_PIC = NO;
				GCC_NO_COMMON_BLOCKS = YES;
				GCC_OPTIMIZATION_LEVEL = 0;
				GCC_PREPROCESSOR_DEFINITIONS = (
					"DEBUG=1",
					"$(inherited)",
				);
				GCC_WARN_64_TO_32_BIT_CONVERSION = YES;
				GCC_WARN_ABOUT_RETURN_TYPE = YES_ERROR;
				GCC_WARN_UNDECLARED_SELECTOR = YES;
				GCC_WARN_UNINITIALIZED_AUTOS = YES_AGGRESSIVE;
				GCC_WARN_UNUSED_FUNCTION = YES;
				GCC_WARN_UNUSED_VARIABLE = YES;
				IPHONEOS_DEPLOYMENT_TARGET = 9.3;
				MTL_ENABLE_DEBUG_INFO = YES;
				ONLY_ACTIVE_ARCH = YES;
				SDKROOT = iphoneos;
				SWIFT_OPTIMIZATION_LEVEL = "-Onone";
				TARGETED_DEVICE_FAMILY = "1,2";
			};
			name = Debug;
		};
		ADB4B08D1F84524B005BF959 /* Release */ = {
			isa = XCBuildConfiguration;
			buildSettings = {
				ALWAYS_SEARCH_USER_PATHS = NO;
				CLANG_ANALYZER_NONNULL = YES;
				CLANG_CXX_LANGUAGE_STANDARD = "gnu++0x";
				CLANG_CXX_LIBRARY = "libc++";
				CLANG_ENABLE_MODULES = YES;
				CLANG_ENABLE_OBJC_ARC = YES;
				CLANG_WARN_BOOL_CONVERSION = YES;
				CLANG_WARN_CONSTANT_CONVERSION = YES;
				CLANG_WARN_DIRECT_OBJC_ISA_USAGE = YES_ERROR;
				CLANG_WARN_EMPTY_BODY = YES;
				CLANG_WARN_ENUM_CONVERSION = YES;
				CLANG_WARN_INT_CONVERSION = YES;
				CLANG_WARN_OBJC_ROOT_CLASS = YES_ERROR;
				CLANG_WARN_UNREACHABLE_CODE = YES;
				CLANG_WARN__DUPLICATE_METHOD_MATCH = YES;
				"CODE_SIGN_IDENTITY[sdk=iphoneos*]" = "iPhone Developer";
				COPY_PHASE_STRIP = NO;
				DEBUG_INFORMATION_FORMAT = "dwarf-with-dsym";
				ENABLE_NS_ASSERTIONS = NO;
				ENABLE_STRICT_OBJC_MSGSEND = YES;
				GCC_C_LANGUAGE_STANDARD = gnu99;
				GCC_NO_COMMON_BLOCKS = YES;
				GCC_WARN_64_TO_32_BIT_CONVERSION = YES;
				GCC_WARN_ABOUT_RETURN_TYPE = YES_ERROR;
				GCC_WARN_UNDECLARED_SELECTOR = YES;
				GCC_WARN_UNINITIALIZED_AUTOS = YES_AGGRESSIVE;
				GCC_WARN_UNUSED_FUNCTION = YES;
				GCC_WARN_UNUSED_VARIABLE = YES;
				IPHONEOS_DEPLOYMENT_TARGET = 9.3;
				MTL_ENABLE_DEBUG_INFO = NO;
				SDKROOT = iphoneos;
				TARGETED_DEVICE_FAMILY = "1,2";
				VALIDATE_PRODUCT = YES;
			};
			name = Release;
		};
		ADB4B08F1F84524B005BF959 /* Debug */ = {
			isa = XCBuildConfiguration;
			buildSettings = {
				ASSETCATALOG_COMPILER_APPICON_NAME = AppIcon;
				DEVELOPMENT_TEAM = GN8BN73VDM;
				INFOPLIST_FILE = "How well do you know Sara/Info.plist";
				LD_RUNPATH_SEARCH_PATHS = "$(inherited) @executable_path/Frameworks";
				PRODUCT_BUNDLE_IDENTIFIER = "mexican-food.How-well-do-you-know-Sara";
				PRODUCT_NAME = "$(TARGET_NAME)";
				SWIFT_VERSION = 3.0;
			};
			name = Debug;
		};
		ADB4B0901F84524B005BF959 /* Release */ = {
			isa = XCBuildConfiguration;
			buildSettings = {
				ASSETCATALOG_COMPILER_APPICON_NAME = AppIcon;
				DEVELOPMENT_TEAM = GN8BN73VDM;
				INFOPLIST_FILE = "How well do you know Sara/Info.plist";
				LD_RUNPATH_SEARCH_PATHS = "$(inherited) @executable_path/Frameworks";
				PRODUCT_BUNDLE_IDENTIFIER = "mexican-food.How-well-do-you-know-Sara";
				PRODUCT_NAME = "$(TARGET_NAME)";
				SWIFT_VERSION = 3.0;
			};
			name = Release;
		};
/* End XCBuildConfiguration section */

/* Begin XCConfigurationList section */
		ADB4B0771F84524B005BF959 /* Build configuration list for PBXProject "Sara Quiz" */ = {
			isa = XCConfigurationList;
			buildConfigurations = (
				ADB4B08C1F84524B005BF959 /* Debug */,
				ADB4B08D1F84524B005BF959 /* Release */,
			);
			defaultConfigurationIsVisible = 0;
			defaultConfigurationName = Release;
		};
		ADB4B08E1F84524B005BF959 /* Build configuration list for PBXNativeTarget "Sara Quiz" */ = {
			isa = XCConfigurationList;
			buildConfigurations = (
				ADB4B08F1F84524B005BF959 /* Debug */,
				ADB4B0901F84524B005BF959 /* Release */,
			);
			defaultConfigurationIsVisible = 0;
			defaultConfigurationName = Release;
		};
/* End XCConfigurationList section */
	};
	rootObject = ADB4B0741F84524B005BF959 /* Project object */;
}
